
Microsoft Visual Studio Solution File, Format Version 12.00
# Visual Studio Version 17
VisualStudioVersion = 17.13.35825.156 d17.13
MinimumVisualStudioVersion = 10.0.40219.1
Project("{FAE04EC0-301F-11D3-BF4B-00C04F79EFBC}") = "daebak-subdivision-website", "daebak-subdivision-website\daebak-subdivision-website.csproj", "{874BD2AB-D44B-4313-90A4-9075867633FD}"
EndProject
Global
	GlobalSection(SolutionConfigurationPlatforms) = preSolution
		Debug|Any CPU = Debug|Any CPU
		Release|Any CPU = Release|Any CPU
	EndGlobalSection
	GlobalSection(ProjectConfigurationPlatforms) = postSolution
		{874BD2AB-D44B-4313-90A4-9075867633FD}.Debug|Any CPU.ActiveCfg = Debug|Any CPU
		{874BD2AB-D44B-4313-90A4-9075867633FD}.Debug|Any CPU.Build.0 = Debug|Any CPU
		{874BD2AB-D44B-4313-90A4-9075867633FD}.Release|Any CPU.ActiveCfg = Release|Any CPU
		{874BD2AB-D44B-4313-90A4-9075867633FD}.Release|Any CPU.Build.0 = Release|Any CPU
	EndGlobalSection
	GlobalSection(SolutionProperties) = preSolution
		HideSolutionNode = FALSE
	EndGlobalSection
	GlobalSection(ExtensibilityGlobals) = postSolution
		SolutionGuid = {921D1778-F879-414B-80C8-6A7B42F6A28B}
	EndGlobalSection
EndGlobal
