Microsoft Visual Studio Solution File, Format Version 12.00
# Visual Studio Version 17
VisualStudioVersion = 17.5.2.0
MinimumVisualStudioVersion = 10.0.40219.1
Project("{FAE04EC0-301F-11D3-BF4B-00C04F79EFBC}") = "daebak-subdivision-website", "daebak-subdivision-website.csproj", "{35DC2ABA-7D5D-1742-B763-7C0E4B688FFF}"
EndProject
Global
	GlobalSection(SolutionConfigurationPlatforms) = preSolution
		Debug|Any CPU = Debug|Any CPU
		Release|Any CPU = Release|Any CPU
	EndGlobalSection
	GlobalSection(ProjectConfigurationPlatforms) = postSolution
		{35DC2ABA-7D5D-1742-B763-7C0E4B688FFF}.Debug|Any CPU.ActiveCfg = Debug|Any CPU
		{35DC2ABA-7D5D-1742-B763-7C0E4B688FFF}.Debug|Any CPU.Build.0 = Debug|Any CPU
		{35DC2ABA-7D5D-1742-B763-7C0E4B688FFF}.Release|Any CPU.ActiveCfg = Release|Any CPU
		{35DC2ABA-7D5D-1742-B763-7C0E4B688FFF}.Release|Any CPU.Build.0 = Release|Any CPU
	EndGlobalSection
	GlobalSection(SolutionProperties) = preSolution
		HideSolutionNode = FALSE
	EndGlobalSection
	GlobalSection(ExtensibilityGlobals) = postSolution
		SolutionGuid = {29A4D2BC-0D36-4827-98B5-2AD8CB10A5C0}
	EndGlobalSection
EndGlobal
